
Microsoft Visual Studio Solution File, Format Version 12.00
# Visual Studio Version 17
VisualStudioVersion = 17.7.34024.191
MinimumVisualStudioVersion = 10.0.40219.1
Project("{2150E333-8FDC-42A3-9474-1A3956D46DE8}") = "Services", "Services", "{71D4BF90-659E-4594-88F0-8C740E3AB7D4}"
EndProject
Project("{2150E333-8FDC-42A3-9474-1A3956D46DE8}") = "Catalog", "Catalog", "{05E9D537-16FF-4427-A045-A9723CA9662D}"
EndProject
Project("{9A19103F-16F7-4668-BE54-9A1E7A4F7556}") = "FreeCourse.Services.Catalog", "Services\Catalog\FreeCourse.Services.Catalog\FreeCourse.Services.Catalog.csproj", "{6A724482-BB72-4221-BFE0-46AD96D401ED}"
EndProject
Project("{2150E333-8FDC-42A3-9474-1A3956D46DE8}") = "Solution Items", "Solution Items", "{9103F556-4A06-4AC4-81DE-76CA4813BD9C}"
	ProjectSection(SolutionItems) = preProject
		Ports.txt = Ports.txt
	EndProjectSection
EndProject
Project("{2150E333-8FDC-42A3-9474-1A3956D46DE8}") = "Shared", "Shared", "{86B7E1BC-B015-44AF-A761-6AF20EBCFBCA}"
EndProject
Project("{9A19103F-16F7-4668-BE54-9A1E7A4F7556}") = "FreeCourse.Shared", "Shared\FreeCourse.Shared\FreeCourse.Shared.csproj", "{461F4259-791C-4EAA-A440-A736A33850B2}"
EndProject
Project("{2150E333-8FDC-42A3-9474-1A3956D46DE8}") = "IdentiyServer", "IdentiyServer", "{5AFD5A05-7EF1-4989-9C08-B008189F5196}"
EndProject
Project("{9A19103F-16F7-4668-BE54-9A1E7A4F7556}") = "FreeCourse.IdentityServer", "IdentityServer\FreeCourse.IdentityServer\FreeCourse.IdentityServer.csproj", "{E6D69BD2-2B95-476F-BAA3-41D7127ED68D}"
EndProject
Global
	GlobalSection(SolutionConfigurationPlatforms) = preSolution
		Debug|Any CPU = Debug|Any CPU
		Release|Any CPU = Release|Any CPU
	EndGlobalSection
	GlobalSection(ProjectConfigurationPlatforms) = postSolution
		{6A724482-BB72-4221-BFE0-46AD96D401ED}.Debug|Any CPU.ActiveCfg = Debug|Any CPU
		{6A724482-BB72-4221-BFE0-46AD96D401ED}.Debug|Any CPU.Build.0 = Debug|Any CPU
		{6A724482-BB72-4221-BFE0-46AD96D401ED}.Release|Any CPU.ActiveCfg = Release|Any CPU
		{6A724482-BB72-4221-BFE0-46AD96D401ED}.Release|Any CPU.Build.0 = Release|Any CPU
		{461F4259-791C-4EAA-A440-A736A33850B2}.Debug|Any CPU.ActiveCfg = Debug|Any CPU
		{461F4259-791C-4EAA-A440-A736A33850B2}.Debug|Any CPU.Build.0 = Debug|Any CPU
		{461F4259-791C-4EAA-A440-A736A33850B2}.Release|Any CPU.ActiveCfg = Release|Any CPU
		{461F4259-791C-4EAA-A440-A736A33850B2}.Release|Any CPU.Build.0 = Release|Any CPU
		{E6D69BD2-2B95-476F-BAA3-41D7127ED68D}.Debug|Any CPU.ActiveCfg = Debug|Any CPU
		{E6D69BD2-2B95-476F-BAA3-41D7127ED68D}.Debug|Any CPU.Build.0 = Debug|Any CPU
		{E6D69BD2-2B95-476F-BAA3-41D7127ED68D}.Release|Any CPU.ActiveCfg = Release|Any CPU
		{E6D69BD2-2B95-476F-BAA3-41D7127ED68D}.Release|Any CPU.Build.0 = Release|Any CPU
	EndGlobalSection
	GlobalSection(SolutionProperties) = preSolution
		HideSolutionNode = FALSE
	EndGlobalSection
	GlobalSection(NestedProjects) = preSolution
		{05E9D537-16FF-4427-A045-A9723CA9662D} = {71D4BF90-659E-4594-88F0-8C740E3AB7D4}
		{6A724482-BB72-4221-BFE0-46AD96D401ED} = {05E9D537-16FF-4427-A045-A9723CA9662D}
		{461F4259-791C-4EAA-A440-A736A33850B2} = {86B7E1BC-B015-44AF-A761-6AF20EBCFBCA}
		{E6D69BD2-2B95-476F-BAA3-41D7127ED68D} = {5AFD5A05-7EF1-4989-9C08-B008189F5196}
	EndGlobalSection
	GlobalSection(ExtensibilityGlobals) = postSolution
		SolutionGuid = {E42054A9-BF12-46D3-830C-CBD2EFDDA3C4}
	EndGlobalSection
EndGlobal
